
Microsoft Visual Studio Solution File, Format Version 12.00
# Visual Studio Version 17
VisualStudioVersion = 17.4.33205.214
MinimumVisualStudioVersion = 10.0.40219.1
Project("{FAE04EC0-301F-11D3-BF4B-00C04F79EFBC}") = "Proje_Hastane", "Proje_Hastane.csproj", "{FF9649E2-1904-4C9F-9470-6EB96BAF419B}"
EndProject
Global
	GlobalSection(SolutionConfigurationPlatforms) = preSolution
		Debug|Any CPU = Debug|Any CPU
		Release|Any CPU = Release|Any CPU
	EndGlobalSection
	GlobalSection(ProjectConfigurationPlatforms) = postSolution
		{FF9649E2-1904-4C9F-9470-6EB96BAF419B}.Debug|Any CPU.ActiveCfg = Debug|Any CPU
		{FF9649E2-1904-4C9F-9470-6EB96BAF419B}.Debug|Any CPU.Build.0 = Debug|Any CPU
		{FF9649E2-1904-4C9F-9470-6EB96BAF419B}.Release|Any CPU.ActiveCfg = Release|Any CPU
		{FF9649E2-1904-4C9F-9470-6EB96BAF419B}.Release|Any CPU.Build.0 = Release|Any CPU
	EndGlobalSection
	GlobalSection(SolutionProperties) = preSolution
		HideSolutionNode = FALSE
	EndGlobalSection
	GlobalSection(ExtensibilityGlobals) = postSolution
		SolutionGuid = {6BDEC64D-D9DF-4EA2-B753-D26A4AD5869F}
	EndGlobalSection
EndGlobal
